
Microsoft Visual Studio Solution File, Format Version 12.00
# Visual Studio Version 17
VisualStudioVersion = 17.8.34330.188
MinimumVisualStudioVersion = 10.0.40219.1
Project("{FAE04EC0-301F-11D3-BF4B-00C04F79EFBC}") = "DebankSnapshots", "DebankSnapshots.csproj", "{1D34E357-E935-422B-B9AC-21774F5FA31C}"
EndProject
Global
	GlobalSection(SolutionConfigurationPlatforms) = preSolution
		Debug|Any CPU = Debug|Any CPU
		Release|Any CPU = Release|Any CPU
	EndGlobalSection
	GlobalSection(ProjectConfigurationPlatforms) = postSolution
		{1D34E357-E935-422B-B9AC-21774F5FA31C}.Debug|Any CPU.ActiveCfg = Debug|Any CPU
		{1D34E357-E935-422B-B9AC-21774F5FA31C}.Debug|Any CPU.Build.0 = Debug|Any CPU
		{1D34E357-E935-422B-B9AC-21774F5FA31C}.Release|Any CPU.ActiveCfg = Release|Any CPU
		{1D34E357-E935-422B-B9AC-21774F5FA31C}.Release|Any CPU.Build.0 = Release|Any CPU
	EndGlobalSection
	GlobalSection(SolutionProperties) = preSolution
		HideSolutionNode = FALSE
	EndGlobalSection
	GlobalSection(ExtensibilityGlobals) = postSolution
		SolutionGuid = {5B716DFD-82CC-4F73-AF26-44D073137644}
	EndGlobalSection
EndGlobal
